
Microsoft Visual Studio Solution File, Format Version 12.00
# Visual Studio Version 16
VisualStudioVersion = 16.0.30309.148
MinimumVisualStudioVersion = 10.0.40219.1
Project("{FAE04EC0-301F-11D3-BF4B-00C04F79EFBC}") = "CaptchaSolverServer", "CaptchaSolverServer\CaptchaSolverServer.csproj", "{0B95E53D-D296-4A15-B227-C497F4F268F7}"
EndProject
Global
	GlobalSection(SolutionConfigurationPlatforms) = preSolution
		Debug|Any CPU = Debug|Any CPU
		Release|Any CPU = Release|Any CPU
	EndGlobalSection
	GlobalSection(ProjectConfigurationPlatforms) = postSolution
		{0B95E53D-D296-4A15-B227-C497F4F268F7}.Debug|Any CPU.ActiveCfg = Debug|Any CPU
		{0B95E53D-D296-4A15-B227-C497F4F268F7}.Debug|Any CPU.Build.0 = Debug|Any CPU
		{0B95E53D-D296-4A15-B227-C497F4F268F7}.Release|Any CPU.ActiveCfg = Release|Any CPU
		{0B95E53D-D296-4A15-B227-C497F4F268F7}.Release|Any CPU.Build.0 = Release|Any CPU
	EndGlobalSection
	GlobalSection(SolutionProperties) = preSolution
		HideSolutionNode = FALSE
	EndGlobalSection
	GlobalSection(ExtensibilityGlobals) = postSolution
		SolutionGuid = {C2BA10B4-52A1-4A11-B75A-80A8B56DA422}
	EndGlobalSection
EndGlobal
